{
    "_readme": [
        "This file locks the dependencies of your project to a known state",
        "Read more about it at https://getcomposer.org/doc/01-basic-usage.md#installing-dependencies",
        "This file is @generated automatically"
    ],
    "content-hash": "35512e9665295a9d1dc6bf520bb1ada6",
    "packages": [],
    "packages-dev": [
        {
            "name": "woocommerce/qit-cli",
            "version": "0.10.0",
            "source": {
                "type": "git",
                "url": "https://github.com/woocommerce/qit-cli.git",
                "reference": "42c4722bb71940dc0435103775439588e923e1cd"
            },
            "dist": {
                "type": "zip",
                "url": "https://api.github.com/repos/woocommerce/qit-cli/zipball/42c4722bb71940dc0435103775439588e923e1cd",
                "reference": "42c4722bb71940dc0435103775439588e923e1cd",
                "shasum": ""
            },
            "require": {
                "ext-curl": "*",
                "php": "^7.2.5 | ^8"
            },
            "bin": [
                "qit"
            ],
            "type": "library",
            "notification-url": "https://packagist.org/downloads/",
            "license": [
                "GPL-3.0-or-later"
            ],
            "description": "A command line interface for WooCommerce Quality Insights Toolkit (QIT).",
            "support": {
                "issues": "https://github.com/woocommerce/qit-cli/issues",
                "source": "https://github.com/woocommerce/qit-cli/tree/0.10.0"
            },
            "time": "2025-05-20T15:58:42+00:00"
        }
    ],
    "aliases": [],
    "minimum-stability": "stable",
    "stability-flags": {},
    "prefer-stable": false,
    "prefer-lowest": false,
    "platform": {
        "php": ">=7.4"
    },
    "platform-dev": {},
    "plugin-api-version": "2.6.0"
}
